Microsoft Visual Studio Solution File, Format Version 12.00
# Visual Studio Version 17
VisualStudioVersion = 17.14.36119.2
MinimumVisualStudioVersion = 10.0.40219.1
Project("{9A19103F-16F7-4668-BE54-9A1E7A4F7556}") = "DfE.GIAP.Web", "DfE.GIAP.Web\DfE.GIAP.Web.csproj", "{9F6FAD20-1A02-475A-B6DE-37040B8BE925}"
EndProject
Project("{9A19103F-16F7-4668-BE54-9A1E7A4F7556}") = "DfE.GIAP.Web.Tests", "DfE.GIAP.Web.Tests\DfE.GIAP.Web.Tests.csproj", "{2BF44C52-6CC7-4635-81ED-2AC15868C317}"
EndProject
Project("{9A19103F-16F7-4668-BE54-9A1E7A4F7556}") = "DfE.GIAP.Core", "DfE.GIAP.Core\DfE.GIAP.Core.csproj", "{86C09A01-6594-4E4B-909F-19E326855AFB}"
EndProject
Project("{9A19103F-16F7-4668-BE54-9A1E7A4F7556}") = "DfE.GIAP.Service.Tests", "DfE.GIAP.Service.Tests\DfE.GIAP.Service.Tests.csproj", "{3EFAA27E-7A1A-4D62-9D51-648F11B95F3A}"
EndProject
Project("{9A19103F-16F7-4668-BE54-9A1E7A4F7556}") = "DfE.GIAP.Service", "DfE.GIAP.Service\DfE.GIAP.Service.csproj", "{3EE95702-5E0D-4979-AAD1-94CEA6FDC10B}"
EndProject
Project("{9A19103F-16F7-4668-BE54-9A1E7A4F7556}") = "DfE.GIAP.Common", "DfE.GIAP.Common\DfE.GIAP.Common.csproj", "{36131CCF-92AD-4C59-A41B-C9A9293FBBC7}"
EndProject
Project("{2150E333-8FDC-42A3-9474-1A3956D46DE8}") = "UnitTests", "UnitTests", "{F4F1F2D7-154D-48C3-A42F-A2360D16E3E7}"
EndProject
Project("{9A19103F-16F7-4668-BE54-9A1E7A4F7556}") = "DfE.GIAP.Common.Tests", "DfE.GIAP.Common.Tests\DfE.GIAP.Common.Tests.csproj", "{36980163-C10B-420A-8475-50B2BA8EA504}"
EndProject
Project("{9A19103F-16F7-4668-BE54-9A1E7A4F7556}") = "DfE.GIAP.Core.UnitTests", "DfE.GIAP.Core.UnitTests\DfE.GIAP.Core.UnitTests.csproj", "{49797341-F930-4976-ABBE-4354ED579ECB}"
Project("{2150E333-8FDC-42A3-9474-1A3956D46DE8}") = "Solution Items", "Solution Items", "{551A2C37-80F5-4D10-AB1F-8F924623C66B}"
	ProjectSection(SolutionItems) = preProject
		..\.editorconfig = ..\.editorconfig
	EndProjectSection
EndProject
Global
	GlobalSection(SolutionConfigurationPlatforms) = preSolution
		Debug|Any CPU = Debug|Any CPU
		Release|Any CPU = Release|Any CPU
	EndGlobalSection
	GlobalSection(ProjectConfigurationPlatforms) = postSolution
		{9F6FAD20-1A02-475A-B6DE-37040B8BE925}.Debug|Any CPU.ActiveCfg = Debug|Any CPU
		{9F6FAD20-1A02-475A-B6DE-37040B8BE925}.Debug|Any CPU.Build.0 = Debug|Any CPU
		{9F6FAD20-1A02-475A-B6DE-37040B8BE925}.Release|Any CPU.ActiveCfg = Release|Any CPU
		{9F6FAD20-1A02-475A-B6DE-37040B8BE925}.Release|Any CPU.Build.0 = Release|Any CPU
		{2BF44C52-6CC7-4635-81ED-2AC15868C317}.Debug|Any CPU.ActiveCfg = Debug|Any CPU
		{2BF44C52-6CC7-4635-81ED-2AC15868C317}.Debug|Any CPU.Build.0 = Debug|Any CPU
		{2BF44C52-6CC7-4635-81ED-2AC15868C317}.Release|Any CPU.ActiveCfg = Release|Any CPU
		{2BF44C52-6CC7-4635-81ED-2AC15868C317}.Release|Any CPU.Build.0 = Release|Any CPU
		{86C09A01-6594-4E4B-909F-19E326855AFB}.Debug|Any CPU.ActiveCfg = Debug|Any CPU
		{86C09A01-6594-4E4B-909F-19E326855AFB}.Debug|Any CPU.Build.0 = Debug|Any CPU
		{86C09A01-6594-4E4B-909F-19E326855AFB}.Release|Any CPU.ActiveCfg = Release|Any CPU
		{86C09A01-6594-4E4B-909F-19E326855AFB}.Release|Any CPU.Build.0 = Release|Any CPU
		{3EFAA27E-7A1A-4D62-9D51-648F11B95F3A}.Debug|Any CPU.ActiveCfg = Debug|Any CPU
		{3EFAA27E-7A1A-4D62-9D51-648F11B95F3A}.Debug|Any CPU.Build.0 = Debug|Any CPU
		{3EFAA27E-7A1A-4D62-9D51-648F11B95F3A}.Release|Any CPU.ActiveCfg = Release|Any CPU
		{3EFAA27E-7A1A-4D62-9D51-648F11B95F3A}.Release|Any CPU.Build.0 = Release|Any CPU
		{3EE95702-5E0D-4979-AAD1-94CEA6FDC10B}.Debug|Any CPU.ActiveCfg = Debug|Any CPU
		{3EE95702-5E0D-4979-AAD1-94CEA6FDC10B}.Debug|Any CPU.Build.0 = Debug|Any CPU
		{3EE95702-5E0D-4979-AAD1-94CEA6FDC10B}.Release|Any CPU.ActiveCfg = Release|Any CPU
		{3EE95702-5E0D-4979-AAD1-94CEA6FDC10B}.Release|Any CPU.Build.0 = Release|Any CPU
		{36131CCF-92AD-4C59-A41B-C9A9293FBBC7}.Debug|Any CPU.ActiveCfg = Debug|Any CPU
		{36131CCF-92AD-4C59-A41B-C9A9293FBBC7}.Debug|Any CPU.Build.0 = Debug|Any CPU
		{36131CCF-92AD-4C59-A41B-C9A9293FBBC7}.Release|Any CPU.ActiveCfg = Release|Any CPU
		{36131CCF-92AD-4C59-A41B-C9A9293FBBC7}.Release|Any CPU.Build.0 = Release|Any CPU
		{36980163-C10B-420A-8475-50B2BA8EA504}.Debug|Any CPU.ActiveCfg = Debug|Any CPU
		{36980163-C10B-420A-8475-50B2BA8EA504}.Debug|Any CPU.Build.0 = Debug|Any CPU
		{36980163-C10B-420A-8475-50B2BA8EA504}.Release|Any CPU.ActiveCfg = Release|Any CPU
		{36980163-C10B-420A-8475-50B2BA8EA504}.Release|Any CPU.Build.0 = Release|Any CPU
		{49797341-F930-4976-ABBE-4354ED579ECB}.Debug|Any CPU.ActiveCfg = Debug|Any CPU
		{49797341-F930-4976-ABBE-4354ED579ECB}.Debug|Any CPU.Build.0 = Debug|Any CPU
		{49797341-F930-4976-ABBE-4354ED579ECB}.Release|Any CPU.ActiveCfg = Release|Any CPU
		{49797341-F930-4976-ABBE-4354ED579ECB}.Release|Any CPU.Build.0 = Release|Any CPU
	EndGlobalSection
	GlobalSection(SolutionProperties) = preSolution
		HideSolutionNode = FALSE
	EndGlobalSection
	GlobalSection(NestedProjects) = preSolution
		{2BF44C52-6CC7-4635-81ED-2AC15868C317} = {F4F1F2D7-154D-48C3-A42F-A2360D16E3E7}
		{3EFAA27E-7A1A-4D62-9D51-648F11B95F3A} = {F4F1F2D7-154D-48C3-A42F-A2360D16E3E7}
		{36980163-C10B-420A-8475-50B2BA8EA504} = {F4F1F2D7-154D-48C3-A42F-A2360D16E3E7}
	EndGlobalSection
	GlobalSection(ExtensibilityGlobals) = postSolution
		SolutionGuid = {E280A677-F7F5-4072-BB2D-777CAEF55DC1}
	EndGlobalSection
EndGlobal
